// !$*UTF8*$!
{
	archiveVersion = 1;
	classes = {
	};
	objectVersion = 56;
	objects = {

/* Begin PBXBuildFile section */
		F4EB660C2C8B5FE600F4C1AF /* AppDelegate.swift in Sources */ = {isa = PBXBuildFile; fileRef = F4EB660B2C8B5FE600F4C1AF /* AppDelegate.swift */; };
		F4EB660E2C8B5FE600F4C1AF /* SceneDelegate.swift in Sources */ = {isa = PBXBuildFile; fileRef = F4EB660D2C8B5FE600F4C1AF /* SceneDelegate.swift */; };
		F4EB66102C8B5FE600F4C1AF /* ViewController.swift in Sources */ = {isa = PBXBuildFile; fileRef = F4EB660F2C8B5FE600F4C1AF /* ViewController.swift */; };
		F4EB66132C8B5FE600F4C1AF /* Base in Resources */ = {isa = PBXBuildFile; fileRef = F4EB66122C8B5FE600F4C1AF /* Base */; };
		F4EB66152C8B5FE800F4C1AF /* Assets.xcassets in Resources */ = {isa = PBXBuildFile; fileRef = F4EB66142C8B5FE800F4C1AF /* Assets.xcassets */; };
		F4EB66182C8B5FE800F4C1AF /* Base in Resources */ = {isa = PBXBuildFile; fileRef = F4EB66172C8B5FE800F4C1AF /* Base */; };
		F4EB66232C8B5FE800F4C1AF /* Pard_0_storyboardTests.swift in Sources */ = {isa = PBXBuildFile; fileRef = F4EB66222C8B5FE800F4C1AF /* Pard_0_storyboardTests.swift */; };
		F4EB662D2C8B5FE800F4C1AF /* Pard_0_storyboardUITests.swift in Sources */ = {isa = PBXBuildFile; fileRef = F4EB662C2C8B5FE800F4C1AF /* Pard_0_storyboardUITests.swift */; };
		F4EB662F2C8B5FE800F4C1AF /* Pard_0_storyboardUITestsLaunchTests.swift in Sources */ = {isa = PBXBuildFile; fileRef = F4EB662E2C8B5FE800F4C1AF /* Pard_0_storyboardUITestsLaunchTests.swift */; };
/* End PBXBuildFile section */

/* Begin PBXContainerItemProxy section */
		F4EB661F2C8B5FE800F4C1AF /* PBXContainerItemProxy */ = {
			isa = PBXContainerItemProxy;
			containerPortal = F4EB66002C8B5FE600F4C1AF /* Project object */;
			proxyType = 1;
			remoteGlobalIDString = F4EB66072C8B5FE600F4C1AF;
			remoteInfo = Pard_0_storyboard;
		};
		F4EB66292C8B5FE800F4C1AF /* PBXContainerItemProxy */ = {
			isa = PBXContainerItemProxy;
			containerPortal = F4EB66002C8B5FE600F4C1AF /* Project object */;
			proxyType = 1;
			remoteGlobalIDString = F4EB66072C8B5FE600F4C1AF;
			remoteInfo = Pard_0_storyboard;
		};
/* End PBXContainerItemProxy section */

/* Begin PBXFileReference section */
		F4EB66082C8B5FE600F4C1AF /* Pard_0_storyboard.app */ = {isa = PBXFileReference; explicitFileType = wrapper.application; includeInIndex = 0; path = Pard_0_storyboard.app; sourceTree = BUILT_PRODUCTS_DIR; };
		F4EB660B2C8B5FE600F4C1AF /* AppDelegate.swift */ = {isa = PBXFileReference; lastKnownFileType = sourcecode.swift; path = AppDelegate.swift; sourceTree = "<group>"; };
		F4EB660D2C8B5FE600F4C1AF /* SceneDelegate.swift */ = {isa = PBXFileReference; lastKnownFileType = sourcecode.swift; path = SceneDelegate.swift; sourceTree = "<group>"; };
		F4EB660F2C8B5FE600F4C1AF /* ViewController.swift */ = {isa = PBXFileReference; lastKnownFileType = sourcecode.swift; path = ViewController.swift; sourceTree = "<group>"; };
		F4EB66122C8B5FE600F4C1AF /* Base */ = {isa = PBXFileReference; lastKnownFileType = file.storyboard; name = Base; path = Base.lproj/Main.storyboard; sourceTree = "<group>"; };
		F4EB66142C8B5FE800F4C1AF /* Assets.xcassets */ = {isa = PBXFileReference; lastKnownFileType = folder.assetcatalog; path = Assets.xcassets; sourceTree = "<group>"; };
		F4EB66172C8B5FE800F4C1AF /* Base */ = {isa = PBXFileReference; lastKnownFileType = file.storyboard; name = Base; path = Base.lproj/LaunchScreen.storyboard; sourceTree = "<group>"; };
		F4EB66192C8B5FE800F4C1AF /* Info.plist */ = {isa = PBXFileReference; lastKnownFileType = text.plist.xml; path = Info.plist; sourceTree = "<group>"; };
		F4EB661E2C8B5FE800F4C1AF /* Pard_0_storyboardTests.xctest */ = {isa = PBXFileReference; explicitFileType = wrapper.cfbundle; includeInIndex = 0; path = Pard_0_storyboardTests.xctest; sourceTree = BUILT_PRODUCTS_DIR; };
		F4EB66222C8B5FE800F4C1AF /* Pard_0_storyboardTests.swift */ = {isa = PBXFileReference; lastKnownFileType = sourcecode.swift; path = Pard_0_storyboardTests.swift; sourceTree = "<group>"; };
		F4EB66282C8B5FE800F4C1AF /* Pard_0_storyboardUITests.xctest */ = {isa = PBXFileReference; explicitFileType = wrapper.cfbundle; includeInIndex = 0; path = Pard_0_storyboardUITests.xctest; sourceTree = BUILT_PRODUCTS_DIR; };
		F4EB662C2C8B5FE800F4C1AF /* Pard_0_storyboardUITests.swift */ = {isa = PBXFileReference; lastKnownFileType = sourcecode.swift; path = Pard_0_storyboardUITests.swift; sourceTree = "<group>"; };
		F4EB662E2C8B5FE800F4C1AF /* Pard_0_storyboardUITestsLaunchTests.swift */ = {isa = PBXFileReference; lastKnownFileType = sourcecode.swift; path = Pard_0_storyboardUITestsLaunchTests.swift; sourceTree = "<group>"; };
/* End PBXFileReference section */

/* Begin PBXFrameworksBuildPhase section */
		F4EB66052C8B5FE600F4C1AF /* Frameworks */ = {
			isa = PBXFrameworksBuildPhase;
			buildActionMask = 2147483647;
			files = (
			);
			runOnlyForDeploymentPostprocessing = 0;
		};
		F4EB661B2C8B5FE800F4C1AF /* Frameworks */ = {
			isa = PBXFrameworksBuildPhase;
			buildActionMask = 2147483647;
			files = (
			);
			runOnlyForDeploymentPostprocessing = 0;
		};
		F4EB66252C8B5FE800F4C1AF /* Frameworks */ = {
			isa = PBXFrameworksBuildPhase;
			buildActionMask = 2147483647;
			files = (
			);
			runOnlyForDeploymentPostprocessing = 0;
		};
/* End PBXFrameworksBuildPhase section */

/* Begin PBXGroup section */
		F4EB65FF2C8B5FE600F4C1AF = {
			isa = PBXGroup;
			children = (
				F4EB660A2C8B5FE600F4C1AF /* Pard_0_storyboard */,
				F4EB66212C8B5FE800F4C1AF /* Pard_0_storyboardTests */,
				F4EB662B2C8B5FE800F4C1AF /* Pard_0_storyboardUITests */,
				F4EB66092C8B5FE600F4C1AF /* Products */,
			);
			sourceTree = "<group>";
		};
		F4EB66092C8B5FE600F4C1AF /* Products */ = {
			isa = PBXGroup;
			children = (
				F4EB66082C8B5FE600F4C1AF /* Pard_0_storyboard.app */,
				F4EB661E2C8B5FE800F4C1AF /* Pard_0_storyboardTests.xctest */,
				F4EB66282C8B5FE800F4C1AF /* Pard_0_storyboardUITests.xctest */,
			);
			name = Products;
			sourceTree = "<group>";
		};
		F4EB660A2C8B5FE600F4C1AF /* Pard_0_storyboard */ = {
			isa = PBXGroup;
			children = (
				F4EB660B2C8B5FE600F4C1AF /* AppDelegate.swift */,
				F4EB660D2C8B5FE600F4C1AF /* SceneDelegate.swift */,
				F4EB660F2C8B5FE600F4C1AF /* ViewController.swift */,
				F4EB66112C8B5FE600F4C1AF /* Main.storyboard */,
				F4EB66142C8B5FE800F4C1AF /* Assets.xcassets */,
				F4EB66162C8B5FE800F4C1AF /* LaunchScreen.storyboard */,
				F4EB66192C8B5FE800F4C1AF /* Info.plist */,
			);
			path = Pard_0_storyboard;
			sourceTree = "<group>";
		};
		F4EB66212C8B5FE800F4C1AF /* Pard_0_storyboardTests */ = {
			isa = PBXGroup;
			children = (
				F4EB66222C8B5FE800F4C1AF /* Pard_0_storyboardTests.swift */,
			);
			path = Pard_0_storyboardTests;
			sourceTree = "<group>";
		};
		F4EB662B2C8B5FE800F4C1AF /* Pard_0_storyboardUITests */ = {
			isa = PBXGroup;
			children = (
				F4EB662C2C8B5FE800F4C1AF /* Pard_0_storyboardUITests.swift */,
				F4EB662E2C8B5FE800F4C1AF /* Pard_0_storyboardUITestsLaunchTests.swift */,
			);
			path = Pard_0_storyboardUITests;
			sourceTree = "<group>";
		};
/* End PBXGroup section */

/* Begin PBXNativeTarget section */
		F4EB66072C8B5FE600F4C1AF /* Pard_0_storyboard */ = {
			isa = PBXNativeTarget;
			buildConfigurationList = F4EB66322C8B5FE800F4C1AF /* Build configuration list for PBXNativeTarget "Pard_0_storyboard" */;
			buildPhases = (
				F4EB66042C8B5FE600F4C1AF /* Sources */,
				F4EB66052C8B5FE600F4C1AF /* Frameworks */,
				F4EB66062C8B5FE600F4C1AF /* Resources */,
			);
			buildRules = (
			);
			dependencies = (
			);
			name = Pard_0_storyboard;
			productName = Pard_0_storyboard;
			productReference = F4EB66082C8B5FE600F4C1AF /* Pard_0_storyboard.app */;
			productType = "com.apple.product-type.application";
		};
		F4EB661D2C8B5FE800F4C1AF /* Pard_0_storyboardTests */ = {
			isa = PBXNativeTarget;
			buildConfigurationList = F4EB66352C8B5FE800F4C1AF /* Build configuration list for PBXNativeTarget "Pard_0_storyboardTests" */;
			buildPhases = (
				F4EB661A2C8B5FE800F4C1AF /* Sources */,
				F4EB661B2C8B5FE800F4C1AF /* Frameworks */,
				F4EB661C2C8B5FE800F4C1AF /* Resources */,
			);
			buildRules = (
			);
			dependencies = (
				F4EB66202C8B5FE800F4C1AF /* PBXTargetDependency */,
			);
			name = Pard_0_storyboardTests;
			productName = Pard_0_storyboardTests;
			productReference = F4EB661E2C8B5FE800F4C1AF /* Pard_0_storyboardTests.xctest */;
			productType = "com.apple.product-type.bundle.unit-test";
		};
		F4EB66272C8B5FE800F4C1AF /* Pard_0_storyboardUITests */ = {
			isa = PBXNativeTarget;
			buildConfigurationList = F4EB66382C8B5FE800F4C1AF /* Build configuration list for PBXNativeTarget "Pard_0_storyboardUITests" */;
			buildPhases = (
				F4EB66242C8B5FE800F4C1AF /* Sources */,
				F4EB66252C8B5FE800F4C1AF /* Frameworks */,
				F4EB66262C8B5FE800F4C1AF /* Resources */,
			);
			buildRules = (
			);
			dependencies = (
				F4EB662A2C8B5FE800F4C1AF /* PBXTargetDependency */,
			);
			name = Pard_0_storyboardUITests;
			productName = Pard_0_storyboardUITests;
			productReference = F4EB66282C8B5FE800F4C1AF /* Pard_0_storyboardUITests.xctest */;
			productType = "com.apple.product-type.bundle.ui-testing";
		};
/* End PBXNativeTarget section */

/* Begin PBXProject section */
		F4EB66002C8B5FE600F4C1AF /* Project object */ = {
			isa = PBXProject;
			attributes = {
				BuildIndependentTargetsInParallel = 1;
				LastSwiftUpdateCheck = 1540;
				LastUpgradeCheck = 1540;
				TargetAttributes = {
					F4EB66072C8B5FE600F4C1AF = {
						CreatedOnToolsVersion = 15.4;
					};
					F4EB661D2C8B5FE800F4C1AF = {
						CreatedOnToolsVersion = 15.4;
						TestTargetID = F4EB66072C8B5FE600F4C1AF;
					};
					F4EB66272C8B5FE800F4C1AF = {
						CreatedOnToolsVersion = 15.4;
						TestTargetID = F4EB66072C8B5FE600F4C1AF;
					};
				};
			};
			buildConfigurationList = F4EB66032C8B5FE600F4C1AF /* Build configuration list for PBXProject "Pard_0_storyboard" */;
			compatibilityVersion = "Xcode 14.0";
			developmentRegion = en;
			hasScannedForEncodings = 0;
			knownRegions = (
				en,
				Base,
			);
			mainGroup = F4EB65FF2C8B5FE600F4C1AF;
			productRefGroup = F4EB66092C8B5FE600F4C1AF /* Products */;
			projectDirPath = "";
			projectRoot = "";
			targets = (
				F4EB66072C8B5FE600F4C1AF /* Pard_0_storyboard */,
				F4EB661D2C8B5FE800F4C1AF /* Pard_0_storyboardTests */,
				F4EB66272C8B5FE800F4C1AF /* Pard_0_storyboardUITests */,
			);
		};
/* End PBXProject section */

/* Begin PBXResourcesBuildPhase section */
		F4EB66062C8B5FE600F4C1AF /* Resources */ = {
			isa = PBXResourcesBuildPhase;
			buildActionMask = 2147483647;
			files = (
				F4EB66152C8B5FE800F4C1AF /* Assets.xcassets in Resources */,
				F4EB66182C8B5FE800F4C1AF /* Base in Resources */,
				F4EB66132C8B5FE600F4C1AF /* Base in Resources */,
			);
			runOnlyForDeploymentPostprocessing = 0;
		};
		F4EB661C2C8B5FE800F4C1AF /* Resources */ = {
			isa = PBXResourcesBuildPhase;
			buildActionMask = 2147483647;
			files = (
			);
			runOnlyForDeploymentPostprocessing = 0;
		};
		F4EB66262C8B5FE800F4C1AF /* Resources */ = {
			isa = PBXResourcesBuildPhase;
			buildActionMask = 2147483647;
			files = (
			);
			runOnlyForDeploymentPostprocessing = 0;
		};
/* End PBXResourcesBuildPhase section */

/* Begin PBXSourcesBuildPhase section */
		F4EB66042C8B5FE600F4C1AF /* Sources */ = {
			isa = PBXSourcesBuildPhase;
			buildActionMask = 2147483647;
			files = (
				F4EB66102C8B5FE600F4C1AF /* ViewController.swift in Sources */,
				F4EB660C2C8B5FE600F4C1AF /* AppDelegate.swift in Sources */,
				F4EB660E2C8B5FE600F4C1AF /* SceneDelegate.swift in Sources */,
			);
			runOnlyForDeploymentPostprocessing = 0;
		};
		F4EB661A2C8B5FE800F4C1AF /* Sources */ = {
			isa = PBXSourcesBuildPhase;
			buildActionMask = 2147483647;
			files = (
				F4EB66232C8B5FE800F4C1AF /* Pard_0_storyboardTests.swift in Sources */,
			);
			runOnlyForDeploymentPostprocessing = 0;
		};
		F4EB66242C8B5FE800F4C1AF /* Sources */ = {
			isa = PBXSourcesBuildPhase;
			buildActionMask = 2147483647;
			files = (
				F4EB662D2C8B5FE800F4C1AF /* Pard_0_storyboardUITests.swift in Sources */,
				F4EB662F2C8B5FE800F4C1AF /* Pard_0_storyboardUITestsLaunchTests.swift in Sources */,
			);
			runOnlyForDeploymentPostprocessing = 0;
		};
/* End PBXSourcesBuildPhase section */

/* Begin PBXTargetDependency section */
		F4EB66202C8B5FE800F4C1AF /* PBXTargetDependency */ = {
			isa = PBXTargetDependency;
			target = F4EB66072C8B5FE600F4C1AF /* Pard_0_storyboard */;
			targetProxy = F4EB661F2C8B5FE800F4C1AF /* PBXContainerItemProxy */;
		};
		F4EB662A2C8B5FE800F4C1AF /* PBXTargetDependency */ = {
			isa = PBXTargetDependency;
			target = F4EB66072C8B5FE600F4C1AF /* Pard_0_storyboard */;
			targetProxy = F4EB66292C8B5FE800F4C1AF /* PBXContainerItemProxy */;
		};
/* End PBXTargetDependency section */

/* Begin PBXVariantGroup section */
		F4EB66112C8B5FE600F4C1AF /* Main.storyboard */ = {
			isa = PBXVariantGroup;
			children = (
				F4EB66122C8B5FE600F4C1AF /* Base */,
			);
			name = Main.storyboard;
			sourceTree = "<group>";
		};
		F4EB66162C8B5FE800F4C1AF /* LaunchScreen.storyboard */ = {
			isa = PBXVariantGroup;
			children = (
				F4EB66172C8B5FE800F4C1AF /* Base */,
			);
			name = LaunchScreen.storyboard;
			sourceTree = "<group>";
		};
/* End PBXVariantGroup section */

/* Begin XCBuildConfiguration section */
		F4EB66302C8B5FE800F4C1AF /* Debug */ = {
			isa = XCBuildConfiguration;
			buildSettings = {
				ALWAYS_SEARCH_USER_PATHS = NO;
				ASSETCATALOG_COMPILER_GENERATE_SWIFT_ASSET_SYMBOL_EXTENSIONS = YES;
				CLANG_ANALYZER_NONNULL = YES;
				CLANG_ANALYZER_NUMBER_OBJECT_CONVERSION = YES_AGGRESSIVE;
				CLANG_CXX_LANGUAGE_STANDARD = "gnu++20";
				CLANG_ENABLE_MODULES = YES;
				CLANG_ENABLE_OBJC_ARC = YES;
				CLANG_ENABLE_OBJC_WEAK = YES;
				CLANG_WARN_BLOCK_CAPTURE_AUTORELEASING = YES;
				CLANG_WARN_BOOL_CONVERSION = YES;
				CLANG_WARN_COMMA = YES;
				CLANG_WARN_CONSTANT_CONVERSION = YES;
				CLANG_WARN_DEPRECATED_OBJC_IMPLEMENTATIONS = YES;
				CLANG_WARN_DIRECT_OBJC_ISA_USAGE = YES_ERROR;
				CLANG_WARN_DOCUMENTATION_COMMENTS = YES;
				CLANG_WARN_EMPTY_BODY = YES;
				CLANG_WARN_ENUM_CONVERSION = YES;
				CLANG_WARN_INFINITE_RECURSION = YES;
				CLANG_WARN_INT_CONVERSION = YES;
				CLANG_WARN_NON_LITERAL_NULL_CONVERSION = YES;
				CLANG_WARN_OBJC_IMPLICIT_RETAIN_SELF = YES;
				CLANG_WARN_OBJC_LITERAL_CONVERSION = YES;
				CLANG_WARN_OBJC_ROOT_CLASS = YES_ERROR;
				CLANG_WARN_QUOTED_INCLUDE_IN_FRAMEWORK_HEADER = YES;
				CLANG_WARN_RANGE_LOOP_ANALYSIS = YES;
				CLANG_WARN_STRICT_PROTOTYPES = YES;
				CLANG_WARN_SUSPICIOUS_MOVE = YES;
				CLANG_WARN_UNGUARDED_AVAILABILITY = YES_AGGRESSIVE;
				CLANG_WARN_UNREACHABLE_CODE = YES;
				CLANG_WARN__DUPLICATE_METHOD_MATCH = YES;
				COPY_PHASE_STRIP = NO;
				DEBUG_INFORMATION_FORMAT = dwarf;
				ENABLE_STRICT_OBJC_MSGSEND = YES;
				ENABLE_TESTABILITY = YES;
				ENABLE_USER_SCRIPT_SANDBOXING = YES;
				GCC_C_LANGUAGE_STANDARD = gnu17;
				GCC_DYNAMIC_NO_PIC = NO;
				GCC_NO_COMMON_BLOCKS = YES;
				GCC_OPTIMIZATION_LEVEL = 0;
				GCC_PREPROCESSOR_DEFINITIONS = (
					"DEBUG=1",
					"$(inherited)",
				);
				GCC_WARN_64_TO_32_BIT_CONVERSION = YES;
				GCC_WARN_ABOUT_RETURN_TYPE = YES_ERROR;
				GCC_WARN_UNDECLARED_SELECTOR = YES;
				GCC_WARN_UNINITIALIZED_AUTOS = YES_AGGRESSIVE;
				GCC_WARN_UNUSED_FUNCTION = YES;
				GCC_WARN_UNUSED_VARIABLE = YES;
				IPHONEOS_DEPLOYMENT_TARGET = 17.5;
				LOCALIZATION_PREFERS_STRING_CATALOGS = YES;
				MTL_ENABLE_DEBUG_INFO = INCLUDE_SOURCE;
				MTL_FAST_MATH = YES;
				ONLY_ACTIVE_ARCH = YES;
				SDKROOT = iphoneos;
				SWIFT_ACTIVE_COMPILATION_CONDITIONS = "DEBUG $(inherited)";
				SWIFT_OPTIMIZATION_LEVEL = "-Onone";
			};
			name = Debug;
		};
		F4EB66312C8B5FE800F4C1AF /* Release */ = {
			isa = XCBuildConfiguration;
			buildSettings = {
				ALWAYS_SEARCH_USER_PATHS = NO;
				ASSETCATALOG_COMPILER_GENERATE_SWIFT_ASSET_SYMBOL_EXTENSIONS = YES;
				CLANG_ANALYZER_NONNULL = YES;
				CLANG_ANALYZER_NUMBER_OBJECT_CONVERSION = YES_AGGRESSIVE;
				CLANG_CXX_LANGUAGE_STANDARD = "gnu++20";
				CLANG_ENABLE_MODULES = YES;
				CLANG_ENABLE_OBJC_ARC = YES;
				CLANG_ENABLE_OBJC_WEAK = YES;
				CLANG_WARN_BLOCK_CAPTURE_AUTORELEASING = YES;
				CLANG_WARN_BOOL_CONVERSION = YES;
				CLANG_WARN_COMMA = YES;
				CLANG_WARN_CONSTANT_CONVERSION = YES;
				CLANG_WARN_DEPRECATED_OBJC_IMPLEMENTATIONS = YES;
				CLANG_WARN_DIRECT_OBJC_ISA_USAGE = YES_ERROR;
				CLANG_WARN_DOCUMENTATION_COMMENTS = YES;
				CLANG_WARN_EMPTY_BODY = YES;
				CLANG_WARN_ENUM_CONVERSION = YES;
				CLANG_WARN_INFINITE_RECURSION = YES;
				CLANG_WARN_INT_CONVERSION = YES;
				CLANG_WARN_NON_LITERAL_NULL_CONVERSION = YES;
				CLANG_WARN_OBJC_IMPLICIT_RETAIN_SELF = YES;
				CLANG_WARN_OBJC_LITERAL_CONVERSION = YES;
				CLANG_WARN_OBJC_ROOT_CLASS = YES_ERROR;
				CLANG_WARN_QUOTED_INCLUDE_IN_FRAMEWORK_HEADER = YES;
				CLANG_WARN_RANGE_LOOP_ANALYSIS = YES;
				CLANG_WARN_STRICT_PROTOTYPES = YES;
				CLANG_WARN_SUSPICIOUS_MOVE = YES;
				CLANG_WARN_UNGUARDED_AVAILABILITY = YES_AGGRESSIVE;
				CLANG_WARN_UNREACHABLE_CODE = YES;
				CLANG_WARN__DUPLICATE_METHOD_MATCH = YES;
				COPY_PHASE_STRIP = NO;
				DEBUG_INFORMATION_FORMAT = "dwarf-with-dsym";
				ENABLE_NS_ASSERTIONS = NO;
				ENABLE_STRICT_OBJC_MSGSEND = YES;
				ENABLE_USER_SCRIPT_SANDBOXING = YES;
				GCC_C_LANGUAGE_STANDARD = gnu17;
				GCC_NO_COMMON_BLOCKS = YES;
				GCC_WARN_64_TO_32_BIT_CONVERSION = YES;
				GCC_WARN_ABOUT_RETURN_TYPE = YES_ERROR;
				GCC_WARN_UNDECLARED_SELECTOR = YES;
				GCC_WARN_UNINITIALIZED_AUTOS = YES_AGGRESSIVE;
				GCC_WARN_UNUSED_FUNCTION = YES;
				GCC_WARN_UNUSED_VARIABLE = YES;
				IPHONEOS_DEPLOYMENT_TARGET = 17.5;
				LOCALIZATION_PREFERS_STRING_CATALOGS = YES;
				MTL_ENABLE_DEBUG_INFO = NO;
				MTL_FAST_MATH = YES;
				SDKROOT = iphoneos;
				SWIFT_COMPILATION_MODE = wholemodule;
				VALIDATE_PRODUCT = YES;
			};
			name = Release;
		};
		F4EB66332C8B5FE800F4C1AF /* Debug */ = {
			isa = XCBuildConfiguration;
			buildSettings = {
				ASSETCATALOG_COMPILER_APPICON_NAME = AppIcon;
				ASSETCATALOG_COMPILER_GLOBAL_ACCENT_COLOR_NAME = AccentColor;
				CODE_SIGN_STYLE = Automatic;
				CURRENT_PROJECT_VERSION = 1;
				GENERATE_INFOPLIST_FILE = YES;
				INFOPLIST_FILE = Pard_0_storyboard/Info.plist;
				INFOPLIST_KEY_UIApplicationSupportsIndirectInputEvents = YES;
				INFOPLIST_KEY_UILaunchStoryboardName = LaunchScreen;
				INFOPLIST_KEY_UIMainStoryboardFile = Main;
				INFOPLIST_KEY_UISupportedInterfaceOrientations_iPad = "UIInterfaceOrientationPortrait UIInterfaceOrientationPortraitUpsideDown UIInterfaceOrientationLandscapeLeft UIInterfaceOrientationLandscapeRight";
				INFOPLIST_KEY_UISupportedInterfaceOrientations_iPhone = "UIInterfaceOrientationPortrait UIInterfaceOrientationLandscapeLeft UIInterfaceOrientationLandscapeRight";
				LD_RUNPATH_SEARCH_PATHS = (
					"$(inherited)",
					"@executable_path/Frameworks",
				);
				MARKETING_VERSION = 1.0;
				PRODUCT_BUNDLE_IDENTIFIER = "com.jiwonstudy.Pard-0-storyboard";
				PRODUCT_NAME = "$(TARGET_NAME)";
				SWIFT_EMIT_LOC_STRINGS = YES;
				SWIFT_VERSION = 5.0;
				TARGETED_DEVICE_FAMILY = "1,2";
			};
			name = Debug;
		};
		F4EB66342C8B5FE800F4C1AF /* Release */ = {
			isa = XCBuildConfiguration;
			buildSettings = {
				ASSETCATALOG_COMPILER_APPICON_NAME = AppIcon;
				ASSETCATALOG_COMPILER_GLOBAL_ACCENT_COLOR_NAME = AccentColor;
				CODE_SIGN_STYLE = Automatic;
				CURRENT_PROJECT_VERSION = 1;
				GENERATE_INFOPLIST_FILE = YES;
				INFOPLIST_FILE = Pard_0_storyboard/Info.plist;
				INFOPLIST_KEY_UIApplicationSupportsIndirectInputEvents = YES;
				INFOPLIST_KEY_UILaunchStoryboardName = LaunchScreen;
				INFOPLIST_KEY_UIMainStoryboardFile = Main;
				INFOPLIST_KEY_UISupportedInterfaceOrientations_iPad = "UIInterfaceOrientationPortrait UIInterfaceOrientationPortraitUpsideDown UIInterfaceOrientationLandscapeLeft UIInterfaceOrientationLandscapeRight";
				INFOPLIST_KEY_UISupportedInterfaceOrientations_iPhone = "UIInterfaceOrientationPortrait UIInterfaceOrientationLandscapeLeft UIInterfaceOrientationLandscapeRight";
				LD_RUNPATH_SEARCH_PATHS = (
					"$(inherited)",
					"@executable_path/Frameworks",
				);
				MARKETING_VERSION = 1.0;
				PRODUCT_BUNDLE_IDENTIFIER = "com.jiwonstudy.Pard-0-storyboard";
				PRODUCT_NAME = "$(TARGET_NAME)";
				SWIFT_EMIT_LOC_STRINGS = YES;
				SWIFT_VERSION = 5.0;
				TARGETED_DEVICE_FAMILY = "1,2";
			};
			name = Release;
		};
		F4EB66362C8B5FE800F4C1AF /* Debug */ = {
			isa = XCBuildConfiguration;
			buildSettings = {
				ALWAYS_EMBED_SWIFT_STANDARD_LIBRARIES = YES;
				BUNDLE_LOADER = "$(TEST_HOST)";
				CODE_SIGN_STYLE = Automatic;
				CURRENT_PROJECT_VERSION = 1;
				GENERATE_INFOPLIST_FILE = YES;
				IPHONEOS_DEPLOYMENT_TARGET = 17.5;
				MARKETING_VERSION = 1.0;
				PRODUCT_BUNDLE_IDENTIFIER = "com.jiwonstudy.Pard-0-storyboardTests";
				PRODUCT_NAME = "$(TARGET_NAME)";
				SWIFT_EMIT_LOC_STRINGS = NO;
				SWIFT_VERSION = 5.0;
				TARGETED_DEVICE_FAMILY = "1,2";
				TEST_HOST = "$(BUILT_PRODUCTS_DIR)/Pard_0_storyboard.app/$(BUNDLE_EXECUTABLE_FOLDER_PATH)/Pard_0_storyboard";
			};
			name = Debug;
		};
		F4EB66372C8B5FE800F4C1AF /* Release */ = {
			isa = XCBuildConfiguration;
			buildSettings = {
				ALWAYS_EMBED_SWIFT_STANDARD_LIBRARIES = YES;
				BUNDLE_LOADER = "$(TEST_HOST)";
				CODE_SIGN_STYLE = Automatic;
				CURRENT_PROJECT_VERSION = 1;
				GENERATE_INFOPLIST_FILE = YES;
				IPHONEOS_DEPLOYMENT_TARGET = 17.5;
				MARKETING_VERSION = 1.0;
				PRODUCT_BUNDLE_IDENTIFIER = "com.jiwonstudy.Pard-0-storyboardTests";
				PRODUCT_NAME = "$(TARGET_NAME)";
				SWIFT_EMIT_LOC_STRINGS = NO;
				SWIFT_VERSION = 5.0;
				TARGETED_DEVICE_FAMILY = "1,2";
				TEST_HOST = "$(BUILT_PRODUCTS_DIR)/Pard_0_storyboard.app/$(BUNDLE_EXECUTABLE_FOLDER_PATH)/Pard_0_storyboard";
			};
			name = Release;
		};
		F4EB66392C8B5FE800F4C1AF /* Debug */ = {
			isa = XCBuildConfiguration;
			buildSettings = {
				ALWAYS_EMBED_SWIFT_STANDARD_LIBRARIES = YES;
				CODE_SIGN_STYLE = Automatic;
				CURRENT_PROJECT_VERSION = 1;
				GENERATE_INFOPLIST_FILE = YES;
				MARKETING_VERSION = 1.0;
				PRODUCT_BUNDLE_IDENTIFIER = "com.jiwonstudy.Pard-0-storyboardUITests";
				PRODUCT_NAME = "$(TARGET_NAME)";
				SWIFT_EMIT_LOC_STRINGS = NO;
				SWIFT_VERSION = 5.0;
				TARGETED_DEVICE_FAMILY = "1,2";
				TEST_TARGET_NAME = Pard_0_storyboard;
			};
			name = Debug;
		};
		F4EB663A2C8B5FE800F4C1AF /* Release */ = {
			isa = XCBuildConfiguration;
			buildSettings = {
				ALWAYS_EMBED_SWIFT_STANDARD_LIBRARIES = YES;
				CODE_SIGN_STYLE = Automatic;
				CURRENT_PROJECT_VERSION = 1;
				GENERATE_INFOPLIST_FILE = YES;
				MARKETING_VERSION = 1.0;
				PRODUCT_BUNDLE_IDENTIFIER = "com.jiwonstudy.Pard-0-storyboardUITests";
				PRODUCT_NAME = "$(TARGET_NAME)";
				SWIFT_EMIT_LOC_STRINGS = NO;
				SWIFT_VERSION = 5.0;
				TARGETED_DEVICE_FAMILY = "1,2";
				TEST_TARGET_NAME = Pard_0_storyboard;
			};
			name = Release;
		};
/* End XCBuildConfiguration section */

/* Begin XCConfigurationList section */
		F4EB66032C8B5FE600F4C1AF /* Build configuration list for PBXProject "Pard_0_storyboard" */ = {
			isa = XCConfigurationList;
			buildConfigurations = (
				F4EB66302C8B5FE800F4C1AF /* Debug */,
				F4EB66312C8B5FE800F4C1AF /* Release */,
			);
			defaultConfigurationIsVisible = 0;
			defaultConfigurationName = Release;
		};
		F4EB66322C8B5FE800F4C1AF /* Build configuration list for PBXNativeTarget "Pard_0_storyboard" */ = {
			isa = XCConfigurationList;
			buildConfigurations = (
				F4EB66332C8B5FE800F4C1AF /* Debug */,
				F4EB66342C8B5FE800F4C1AF /* Release */,
			);
			defaultConfigurationIsVisible = 0;
			defaultConfigurationName = Release;
		};
		F4EB66352C8B5FE800F4C1AF /* Build configuration list for PBXNativeTarget "Pard_0_storyboardTests" */ = {
			isa = XCConfigurationList;
			buildConfigurations = (
				F4EB66362C8B5FE800F4C1AF /* Debug */,
				F4EB66372C8B5FE800F4C1AF /* Release */,
			);
			defaultConfigurationIsVisible = 0;
			defaultConfigurationName = Release;
		};
		F4EB66382C8B5FE800F4C1AF /* Build configuration list for PBXNativeTarget "Pard_0_storyboardUITests" */ = {
			isa = XCConfigurationList;
			buildConfigurations = (
				F4EB66392C8B5FE800F4C1AF /* Debug */,
				F4EB663A2C8B5FE800F4C1AF /* Release */,
			);
			defaultConfigurationIsVisible = 0;
			defaultConfigurationName = Release;
		};
/* End XCConfigurationList section */
	};
	rootObject = F4EB66002C8B5FE600F4C1AF /* Project object */;
}
