// !$*UTF8*$!
{
	archiveVersion = 1;
	classes = {
	};
	objectVersion = 77;
	objects = {

/* Begin PBXContainerItemProxy section */
		F4FDA6702CC2D2C40029595E /* PBXContainerItemProxy */ = {
			isa = PBXContainerItemProxy;
			containerPortal = F4FDA6512CC2D2C20029595E /* Project object */;
			proxyType = 1;
			remoteGlobalIDString = F4FDA6582CC2D2C20029595E;
			remoteInfo = 5th_hw_KimJiWon;
		};
		F4FDA67A2CC2D2C40029595E /* PBXContainerItemProxy */ = {
			isa = PBXContainerItemProxy;
			containerPortal = F4FDA6512CC2D2C20029595E /* Project object */;
			proxyType = 1;
			remoteGlobalIDString = F4FDA6582CC2D2C20029595E;
			remoteInfo = 5th_hw_KimJiWon;
		};
/* End PBXContainerItemProxy section */

/* Begin PBXFileReference section */
		F4FDA8432CC6EC7C0029595E /* 5th_hw_KimJiWon.app */ = {isa = PBXFileReference; explicitFileType = wrapper.application; includeInIndex = 0; path = 5th_hw_KimJiWon.app; sourceTree = BUILT_PRODUCTS_DIR; };
		F4FDA8442CC6EC7C0029595E /* 5th_hw_KimJiWonTests.xctest */ = {isa = PBXFileReference; explicitFileType = wrapper.cfbundle; includeInIndex = 0; path = 5th_hw_KimJiWonTests.xctest; sourceTree = BUILT_PRODUCTS_DIR; };
		F4FDA8452CC6EC7C0029595E /* 5th_hw_KimJiWonUITests.xctest */ = {isa = PBXFileReference; explicitFileType = wrapper.cfbundle; includeInIndex = 0; path = 5th_hw_KimJiWonUITests.xctest; sourceTree = BUILT_PRODUCTS_DIR; };
/* End PBXFileReference section */

/* Begin PBXFileSystemSynchronizedBuildFileExceptionSet section */
		F4FDA6812CC2D2C40029595E /* Exceptions for "5th_hw_KimJiWon" folder in "5th_hw_KimJiWon" target */ = {
			isa = PBXFileSystemSynchronizedBuildFileExceptionSet;
			membershipExceptions = (
				Info.plist,
			);
			target = F4FDA6582CC2D2C20029595E /* 5th_hw_KimJiWon */;
		};
/* End PBXFileSystemSynchronizedBuildFileExceptionSet section */

/* Begin PBXFileSystemSynchronizedRootGroup section */
		F4FDA65B2CC2D2C20029595E /* 5th_hw_KimJiWon */ = {
			isa = PBXFileSystemSynchronizedRootGroup;
			exceptions = (
				F4FDA6812CC2D2C40029595E /* Exceptions for "5th_hw_KimJiWon" folder in "5th_hw_KimJiWon" target */,
			);
			path = 5th_hw_KimJiWon;
			sourceTree = "<group>";
		};
		F4FDA6722CC2D2C40029595E /* 5th_hw_KimJiWonTests */ = {
			isa = PBXFileSystemSynchronizedRootGroup;
			path = 5th_hw_KimJiWonTests;
			sourceTree = "<group>";
		};
		F4FDA67C2CC2D2C40029595E /* 5th_hw_KimJiWonUITests */ = {
			isa = PBXFileSystemSynchronizedRootGroup;
			path = 5th_hw_KimJiWonUITests;
			sourceTree = "<group>";
		};
/* End PBXFileSystemSynchronizedRootGroup section */

/* Begin PBXFrameworksBuildPhase section */
		F4FDA6562CC2D2C20029595E /* Frameworks */ = {
			isa = PBXFrameworksBuildPhase;
			buildActionMask = 2147483647;
			files = (
			);
			runOnlyForDeploymentPostprocessing = 0;
		};
		F4FDA66C2CC2D2C40029595E /* Frameworks */ = {
			isa = PBXFrameworksBuildPhase;
			buildActionMask = 2147483647;
			files = (
			);
			runOnlyForDeploymentPostprocessing = 0;
		};
		F4FDA6762CC2D2C40029595E /* Frameworks */ = {
			isa = PBXFrameworksBuildPhase;
			buildActionMask = 2147483647;
			files = (
			);
			runOnlyForDeploymentPostprocessing = 0;
		};
/* End PBXFrameworksBuildPhase section */

/* Begin PBXGroup section */
		F4FDA6502CC2D2C20029595E = {
			isa = PBXGroup;
			children = (
				F4FDA65B2CC2D2C20029595E /* 5th_hw_KimJiWon */,
				F4FDA6722CC2D2C40029595E /* 5th_hw_KimJiWonTests */,
				F4FDA67C2CC2D2C40029595E /* 5th_hw_KimJiWonUITests */,
				F4FDA8432CC6EC7C0029595E /* 5th_hw_KimJiWon.app */,
				F4FDA8442CC6EC7C0029595E /* 5th_hw_KimJiWonTests.xctest */,
				F4FDA8452CC6EC7C0029595E /* 5th_hw_KimJiWonUITests.xctest */,
			);
			sourceTree = "<group>";
		};
/* End PBXGroup section */

/* Begin PBXNativeTarget section */
		F4FDA6582CC2D2C20029595E /* 5th_hw_KimJiWon */ = {
			isa = PBXNativeTarget;
			buildConfigurationList = F4FDA6822CC2D2C40029595E /* Build configuration list for PBXNativeTarget "5th_hw_KimJiWon" */;
			buildPhases = (
				F4FDA6552CC2D2C20029595E /* Sources */,
				F4FDA6562CC2D2C20029595E /* Frameworks */,
				F4FDA6572CC2D2C20029595E /* Resources */,
			);
			buildRules = (
			);
			dependencies = (
			);
			fileSystemSynchronizedGroups = (
				F4FDA65B2CC2D2C20029595E /* 5th_hw_KimJiWon */,
			);
			name = 5th_hw_KimJiWon;
			packageProductDependencies = (
			);
			productName = 5th_hw_KimJiWon;
			productReference = F4FDA8432CC6EC7C0029595E /* 5th_hw_KimJiWon.app */;
			productType = "com.apple.product-type.application";
		};
		F4FDA66E2CC2D2C40029595E /* 5th_hw_KimJiWonTests */ = {
			isa = PBXNativeTarget;
			buildConfigurationList = F4FDA6872CC2D2C40029595E /* Build configuration list for PBXNativeTarget "5th_hw_KimJiWonTests" */;
			buildPhases = (
				F4FDA66B2CC2D2C40029595E /* Sources */,
				F4FDA66C2CC2D2C40029595E /* Frameworks */,
				F4FDA66D2CC2D2C40029595E /* Resources */,
			);
			buildRules = (
			);
			dependencies = (
				F4FDA6712CC2D2C40029595E /* PBXTargetDependency */,
			);
			fileSystemSynchronizedGroups = (
				F4FDA6722CC2D2C40029595E /* 5th_hw_KimJiWonTests */,
			);
			name = 5th_hw_KimJiWonTests;
			packageProductDependencies = (
			);
			productName = 5th_hw_KimJiWonTests;
			productReference = F4FDA8442CC6EC7C0029595E /* 5th_hw_KimJiWonTests.xctest */;
			productType = "com.apple.product-type.bundle.unit-test";
		};
		F4FDA6782CC2D2C40029595E /* 5th_hw_KimJiWonUITests */ = {
			isa = PBXNativeTarget;
			buildConfigurationList = F4FDA68A2CC2D2C40029595E /* Build configuration list for PBXNativeTarget "5th_hw_KimJiWonUITests" */;
			buildPhases = (
				F4FDA6752CC2D2C40029595E /* Sources */,
				F4FDA6762CC2D2C40029595E /* Frameworks */,
				F4FDA6772CC2D2C40029595E /* Resources */,
			);
			buildRules = (
			);
			dependencies = (
				F4FDA67B2CC2D2C40029595E /* PBXTargetDependency */,
			);
			fileSystemSynchronizedGroups = (
				F4FDA67C2CC2D2C40029595E /* 5th_hw_KimJiWonUITests */,
			);
			name = 5th_hw_KimJiWonUITests;
			packageProductDependencies = (
			);
			productName = 5th_hw_KimJiWonUITests;
			productReference = F4FDA8452CC6EC7C0029595E /* 5th_hw_KimJiWonUITests.xctest */;
			productType = "com.apple.product-type.bundle.ui-testing";
		};
/* End PBXNativeTarget section */

/* Begin PBXProject section */
		F4FDA6512CC2D2C20029595E /* Project object */ = {
			isa = PBXProject;
			attributes = {
				BuildIndependentTargetsInParallel = 1;
				LastSwiftUpdateCheck = 1600;
				LastUpgradeCheck = 1600;
				TargetAttributes = {
					F4FDA6582CC2D2C20029595E = {
						CreatedOnToolsVersion = 16.0;
					};
					F4FDA66E2CC2D2C40029595E = {
						CreatedOnToolsVersion = 16.0;
						TestTargetID = F4FDA6582CC2D2C20029595E;
					};
					F4FDA6782CC2D2C40029595E = {
						CreatedOnToolsVersion = 16.0;
						TestTargetID = F4FDA6582CC2D2C20029595E;
					};
				};
			};
			buildConfigurationList = F4FDA6542CC2D2C20029595E /* Build configuration list for PBXProject "5th_hw_KimJiWon" */;
			developmentRegion = en;
			hasScannedForEncodings = 0;
			knownRegions = (
				en,
				Base,
			);
			mainGroup = F4FDA6502CC2D2C20029595E;
			minimizedProjectReferenceProxies = 1;
			preferredProjectObjectVersion = 77;
			productRefGroup = F4FDA6502CC2D2C20029595E;
			projectDirPath = "";
			projectRoot = "";
			targets = (
				F4FDA6582CC2D2C20029595E /* 5th_hw_KimJiWon */,
				F4FDA66E2CC2D2C40029595E /* 5th_hw_KimJiWonTests */,
				F4FDA6782CC2D2C40029595E /* 5th_hw_KimJiWonUITests */,
			);
		};
/* End PBXProject section */

/* Begin PBXResourcesBuildPhase section */
		F4FDA6572CC2D2C20029595E /* Resources */ = {
			isa = PBXResourcesBuildPhase;
			buildActionMask = 2147483647;
			files = (
			);
			runOnlyForDeploymentPostprocessing = 0;
		};
		F4FDA66D2CC2D2C40029595E /* Resources */ = {
			isa = PBXResourcesBuildPhase;
			buildActionMask = 2147483647;
			files = (
			);
			runOnlyForDeploymentPostprocessing = 0;
		};
		F4FDA6772CC2D2C40029595E /* Resources */ = {
			isa = PBXResourcesBuildPhase;
			buildActionMask = 2147483647;
			files = (
			);
			runOnlyForDeploymentPostprocessing = 0;
		};
/* End PBXResourcesBuildPhase section */

/* Begin PBXSourcesBuildPhase section */
		F4FDA6552CC2D2C20029595E /* Sources */ = {
			isa = PBXSourcesBuildPhase;
			buildActionMask = 2147483647;
			files = (
			);
			runOnlyForDeploymentPostprocessing = 0;
		};
		F4FDA66B2CC2D2C40029595E /* Sources */ = {
			isa = PBXSourcesBuildPhase;
			buildActionMask = 2147483647;
			files = (
			);
			runOnlyForDeploymentPostprocessing = 0;
		};
		F4FDA6752CC2D2C40029595E /* Sources */ = {
			isa = PBXSourcesBuildPhase;
			buildActionMask = 2147483647;
			files = (
			);
			runOnlyForDeploymentPostprocessing = 0;
		};
/* End PBXSourcesBuildPhase section */

/* Begin PBXTargetDependency section */
		F4FDA6712CC2D2C40029595E /* PBXTargetDependency */ = {
			isa = PBXTargetDependency;
			target = F4FDA6582CC2D2C20029595E /* 5th_hw_KimJiWon */;
			targetProxy = F4FDA6702CC2D2C40029595E /* PBXContainerItemProxy */;
		};
		F4FDA67B2CC2D2C40029595E /* PBXTargetDependency */ = {
			isa = PBXTargetDependency;
			target = F4FDA6582CC2D2C20029595E /* 5th_hw_KimJiWon */;
			targetProxy = F4FDA67A2CC2D2C40029595E /* PBXContainerItemProxy */;
		};
/* End PBXTargetDependency section */

/* Begin XCBuildConfiguration section */
		F4FDA6832CC2D2C40029595E /* Debug */ = {
			isa = XCBuildConfiguration;
			buildSettings = {
				ASSETCATALOG_COMPILER_APPICON_NAME = AppIcon;
				ASSETCATALOG_COMPILER_GLOBAL_ACCENT_COLOR_NAME = AccentColor;
				CODE_SIGN_STYLE = Automatic;
				CURRENT_PROJECT_VERSION = 1;
				GENERATE_INFOPLIST_FILE = YES;
				INFOPLIST_FILE = 5th_hw_KimJiWon/Info.plist;
				INFOPLIST_KEY_UIApplicationSupportsIndirectInputEvents = YES;
				INFOPLIST_KEY_UILaunchStoryboardName = LaunchScreen;
				INFOPLIST_KEY_UIMainStoryboardFile = Main;
				INFOPLIST_KEY_UISupportedInterfaceOrientations_iPad = "UIInterfaceOrientationPortrait UIInterfaceOrientationPortraitUpsideDown UIInterfaceOrientationLandscapeLeft UIInterfaceOrientationLandscapeRight";
				INFOPLIST_KEY_UISupportedInterfaceOrientations_iPhone = "UIInterfaceOrientationPortrait UIInterfaceOrientationLandscapeLeft UIInterfaceOrientationLandscapeRight";
				LD_RUNPATH_SEARCH_PATHS = (
					"$(inherited)",
					"@executable_path/Frameworks",
				);
				MARKETING_VERSION = 1.0;
				PRODUCT_BUNDLE_IDENTIFIER = "com.jiwonstudy.-th-hw-KimJiWon";
				PRODUCT_NAME = "$(TARGET_NAME)";
				SWIFT_EMIT_LOC_STRINGS = YES;
				SWIFT_VERSION = 5.0;
				TARGETED_DEVICE_FAMILY = "1,2";
			};
			name = Debug;
		};
		F4FDA6842CC2D2C40029595E /* Release */ = {
			isa = XCBuildConfiguration;
			buildSettings = {
				ASSETCATALOG_COMPILER_APPICON_NAME = AppIcon;
				ASSETCATALOG_COMPILER_GLOBAL_ACCENT_COLOR_NAME = AccentColor;
				CODE_SIGN_STYLE = Automatic;
				CURRENT_PROJECT_VERSION = 1;
				GENERATE_INFOPLIST_FILE = YES;
				INFOPLIST_FILE = 5th_hw_KimJiWon/Info.plist;
				INFOPLIST_KEY_UIApplicationSupportsIndirectInputEvents = YES;
				INFOPLIST_KEY_UILaunchStoryboardName = LaunchScreen;
				INFOPLIST_KEY_UIMainStoryboardFile = Main;
				INFOPLIST_KEY_UISupportedInterfaceOrientations_iPad = "UIInterfaceOrientationPortrait UIInterfaceOrientationPortraitUpsideDown UIInterfaceOrientationLandscapeLeft UIInterfaceOrientationLandscapeRight";
				INFOPLIST_KEY_UISupportedInterfaceOrientations_iPhone = "UIInterfaceOrientationPortrait UIInterfaceOrientationLandscapeLeft UIInterfaceOrientationLandscapeRight";
				LD_RUNPATH_SEARCH_PATHS = (
					"$(inherited)",
					"@executable_path/Frameworks",
				);
				MARKETING_VERSION = 1.0;
				PRODUCT_BUNDLE_IDENTIFIER = "com.jiwonstudy.-th-hw-KimJiWon";
				PRODUCT_NAME = "$(TARGET_NAME)";
				SWIFT_EMIT_LOC_STRINGS = YES;
				SWIFT_VERSION = 5.0;
				TARGETED_DEVICE_FAMILY = "1,2";
			};
			name = Release;
		};
		F4FDA6852CC2D2C40029595E /* Debug */ = {
			isa = XCBuildConfiguration;
			buildSettings = {
				ALWAYS_SEARCH_USER_PATHS = NO;
				ASSETCATALOG_COMPILER_GENERATE_SWIFT_ASSET_SYMBOL_EXTENSIONS = YES;
				CLANG_ANALYZER_NONNULL = YES;
				CLANG_ANALYZER_NUMBER_OBJECT_CONVERSION = YES_AGGRESSIVE;
				CLANG_CXX_LANGUAGE_STANDARD = "gnu++20";
				CLANG_ENABLE_MODULES = YES;
				CLANG_ENABLE_OBJC_ARC = YES;
				CLANG_ENABLE_OBJC_WEAK = YES;
				CLANG_WARN_BLOCK_CAPTURE_AUTORELEASING = YES;
				CLANG_WARN_BOOL_CONVERSION = YES;
				CLANG_WARN_COMMA = YES;
				CLANG_WARN_CONSTANT_CONVERSION = YES;
				CLANG_WARN_DEPRECATED_OBJC_IMPLEMENTATIONS = YES;
				CLANG_WARN_DIRECT_OBJC_ISA_USAGE = YES_ERROR;
				CLANG_WARN_DOCUMENTATION_COMMENTS = YES;
				CLANG_WARN_EMPTY_BODY = YES;
				CLANG_WARN_ENUM_CONVERSION = YES;
				CLANG_WARN_INFINITE_RECURSION = YES;
				CLANG_WARN_INT_CONVERSION = YES;
				CLANG_WARN_NON_LITERAL_NULL_CONVERSION = YES;
				CLANG_WARN_OBJC_IMPLICIT_RETAIN_SELF = YES;
				CLANG_WARN_OBJC_LITERAL_CONVERSION = YES;
				CLANG_WARN_OBJC_ROOT_CLASS = YES_ERROR;
				CLANG_WARN_QUOTED_INCLUDE_IN_FRAMEWORK_HEADER = YES;
				CLANG_WARN_RANGE_LOOP_ANALYSIS = YES;
				CLANG_WARN_STRICT_PROTOTYPES = YES;
				CLANG_WARN_SUSPICIOUS_MOVE = YES;
				CLANG_WARN_UNGUARDED_AVAILABILITY = YES_AGGRESSIVE;
				CLANG_WARN_UNREACHABLE_CODE = YES;
				CLANG_WARN__DUPLICATE_METHOD_MATCH = YES;
				COPY_PHASE_STRIP = NO;
				DEBUG_INFORMATION_FORMAT = dwarf;
				ENABLE_STRICT_OBJC_MSGSEND = YES;
				ENABLE_TESTABILITY = YES;
				ENABLE_USER_SCRIPT_SANDBOXING = YES;
				GCC_C_LANGUAGE_STANDARD = gnu17;
				GCC_DYNAMIC_NO_PIC = NO;
				GCC_NO_COMMON_BLOCKS = YES;
				GCC_OPTIMIZATION_LEVEL = 0;
				GCC_PREPROCESSOR_DEFINITIONS = (
					"DEBUG=1",
					"$(inherited)",
				);
				GCC_WARN_64_TO_32_BIT_CONVERSION = YES;
				GCC_WARN_ABOUT_RETURN_TYPE = YES_ERROR;
				GCC_WARN_UNDECLARED_SELECTOR = YES;
				GCC_WARN_UNINITIALIZED_AUTOS = YES_AGGRESSIVE;
				GCC_WARN_UNUSED_FUNCTION = YES;
				GCC_WARN_UNUSED_VARIABLE = YES;
				IPHONEOS_DEPLOYMENT_TARGET = 18.0;
				LOCALIZATION_PREFERS_STRING_CATALOGS = YES;
				MTL_ENABLE_DEBUG_INFO = INCLUDE_SOURCE;
				MTL_FAST_MATH = YES;
				ONLY_ACTIVE_ARCH = YES;
				SDKROOT = iphoneos;
				SWIFT_ACTIVE_COMPILATION_CONDITIONS = "DEBUG $(inherited)";
				SWIFT_OPTIMIZATION_LEVEL = "-Onone";
			};
			name = Debug;
		};
		F4FDA6862CC2D2C40029595E /* Release */ = {
			isa = XCBuildConfiguration;
			buildSettings = {
				ALWAYS_SEARCH_USER_PATHS = NO;
				ASSETCATALOG_COMPILER_GENERATE_SWIFT_ASSET_SYMBOL_EXTENSIONS = YES;
				CLANG_ANALYZER_NONNULL = YES;
				CLANG_ANALYZER_NUMBER_OBJECT_CONVERSION = YES_AGGRESSIVE;
				CLANG_CXX_LANGUAGE_STANDARD = "gnu++20";
				CLANG_ENABLE_MODULES = YES;
				CLANG_ENABLE_OBJC_ARC = YES;
				CLANG_ENABLE_OBJC_WEAK = YES;
				CLANG_WARN_BLOCK_CAPTURE_AUTORELEASING = YES;
				CLANG_WARN_BOOL_CONVERSION = YES;
				CLANG_WARN_COMMA = YES;
				CLANG_WARN_CONSTANT_CONVERSION = YES;
				CLANG_WARN_DEPRECATED_OBJC_IMPLEMENTATIONS = YES;
				CLANG_WARN_DIRECT_OBJC_ISA_USAGE = YES_ERROR;
				CLANG_WARN_DOCUMENTATION_COMMENTS = YES;
				CLANG_WARN_EMPTY_BODY = YES;
				CLANG_WARN_ENUM_CONVERSION = YES;
				CLANG_WARN_INFINITE_RECURSION = YES;
				CLANG_WARN_INT_CONVERSION = YES;
				CLANG_WARN_NON_LITERAL_NULL_CONVERSION = YES;
				CLANG_WARN_OBJC_IMPLICIT_RETAIN_SELF = YES;
				CLANG_WARN_OBJC_LITERAL_CONVERSION = YES;
				CLANG_WARN_OBJC_ROOT_CLASS = YES_ERROR;
				CLANG_WARN_QUOTED_INCLUDE_IN_FRAMEWORK_HEADER = YES;
				CLANG_WARN_RANGE_LOOP_ANALYSIS = YES;
				CLANG_WARN_STRICT_PROTOTYPES = YES;
				CLANG_WARN_SUSPICIOUS_MOVE = YES;
				CLANG_WARN_UNGUARDED_AVAILABILITY = YES_AGGRESSIVE;
				CLANG_WARN_UNREACHABLE_CODE = YES;
				CLANG_WARN__DUPLICATE_METHOD_MATCH = YES;
				COPY_PHASE_STRIP = NO;
				DEBUG_INFORMATION_FORMAT = "dwarf-with-dsym";
				ENABLE_NS_ASSERTIONS = NO;
				ENABLE_STRICT_OBJC_MSGSEND = YES;
				ENABLE_USER_SCRIPT_SANDBOXING = YES;
				GCC_C_LANGUAGE_STANDARD = gnu17;
				GCC_NO_COMMON_BLOCKS = YES;
				GCC_WARN_64_TO_32_BIT_CONVERSION = YES;
				GCC_WARN_ABOUT_RETURN_TYPE = YES_ERROR;
				GCC_WARN_UNDECLARED_SELECTOR = YES;
				GCC_WARN_UNINITIALIZED_AUTOS = YES_AGGRESSIVE;
				GCC_WARN_UNUSED_FUNCTION = YES;
				GCC_WARN_UNUSED_VARIABLE = YES;
				IPHONEOS_DEPLOYMENT_TARGET = 18.0;
				LOCALIZATION_PREFERS_STRING_CATALOGS = YES;
				MTL_ENABLE_DEBUG_INFO = NO;
				MTL_FAST_MATH = YES;
				SDKROOT = iphoneos;
				SWIFT_COMPILATION_MODE = wholemodule;
				VALIDATE_PRODUCT = YES;
			};
			name = Release;
		};
		F4FDA6882CC2D2C40029595E /* Debug */ = {
			isa = XCBuildConfiguration;
			buildSettings = {
				BUNDLE_LOADER = "$(TEST_HOST)";
				CODE_SIGN_STYLE = Automatic;
				CURRENT_PROJECT_VERSION = 1;
				GENERATE_INFOPLIST_FILE = YES;
				IPHONEOS_DEPLOYMENT_TARGET = 18.0;
				MARKETING_VERSION = 1.0;
				PRODUCT_BUNDLE_IDENTIFIER = "com.jiwonstudy.-th-hw-KimJiWonTests";
				PRODUCT_NAME = "$(TARGET_NAME)";
				SWIFT_EMIT_LOC_STRINGS = NO;
				SWIFT_VERSION = 5.0;
				TARGETED_DEVICE_FAMILY = "1,2";
				TEST_HOST = "$(BUILT_PRODUCTS_DIR)/5th_hw_KimJiWon.app/$(BUNDLE_EXECUTABLE_FOLDER_PATH)/5th_hw_KimJiWon";
			};
			name = Debug;
		};
		F4FDA6892CC2D2C40029595E /* Release */ = {
			isa = XCBuildConfiguration;
			buildSettings = {
				BUNDLE_LOADER = "$(TEST_HOST)";
				CODE_SIGN_STYLE = Automatic;
				CURRENT_PROJECT_VERSION = 1;
				GENERATE_INFOPLIST_FILE = YES;
				IPHONEOS_DEPLOYMENT_TARGET = 18.0;
				MARKETING_VERSION = 1.0;
				PRODUCT_BUNDLE_IDENTIFIER = "com.jiwonstudy.-th-hw-KimJiWonTests";
				PRODUCT_NAME = "$(TARGET_NAME)";
				SWIFT_EMIT_LOC_STRINGS = NO;
				SWIFT_VERSION = 5.0;
				TARGETED_DEVICE_FAMILY = "1,2";
				TEST_HOST = "$(BUILT_PRODUCTS_DIR)/5th_hw_KimJiWon.app/$(BUNDLE_EXECUTABLE_FOLDER_PATH)/5th_hw_KimJiWon";
			};
			name = Release;
		};
		F4FDA68B2CC2D2C40029595E /* Debug */ = {
			isa = XCBuildConfiguration;
			buildSettings = {
				CODE_SIGN_STYLE = Automatic;
				CURRENT_PROJECT_VERSION = 1;
				GENERATE_INFOPLIST_FILE = YES;
				MARKETING_VERSION = 1.0;
				PRODUCT_BUNDLE_IDENTIFIER = "com.jiwonstudy.-th-hw-KimJiWonUITests";
				PRODUCT_NAME = "$(TARGET_NAME)";
				SWIFT_EMIT_LOC_STRINGS = NO;
				SWIFT_VERSION = 5.0;
				TARGETED_DEVICE_FAMILY = "1,2";
				TEST_TARGET_NAME = 5th_hw_KimJiWon;
			};
			name = Debug;
		};
		F4FDA68C2CC2D2C40029595E /* Release */ = {
			isa = XCBuildConfiguration;
			buildSettings = {
				CODE_SIGN_STYLE = Automatic;
				CURRENT_PROJECT_VERSION = 1;
				GENERATE_INFOPLIST_FILE = YES;
				MARKETING_VERSION = 1.0;
				PRODUCT_BUNDLE_IDENTIFIER = "com.jiwonstudy.-th-hw-KimJiWonUITests";
				PRODUCT_NAME = "$(TARGET_NAME)";
				SWIFT_EMIT_LOC_STRINGS = NO;
				SWIFT_VERSION = 5.0;
				TARGETED_DEVICE_FAMILY = "1,2";
				TEST_TARGET_NAME = 5th_hw_KimJiWon;
			};
			name = Release;
		};
/* End XCBuildConfiguration section */

/* Begin XCConfigurationList section */
		F4FDA6542CC2D2C20029595E /* Build configuration list for PBXProject "5th_hw_KimJiWon" */ = {
			isa = XCConfigurationList;
			buildConfigurations = (
				F4FDA6852CC2D2C40029595E /* Debug */,
				F4FDA6862CC2D2C40029595E /* Release */,
			);
			defaultConfigurationIsVisible = 0;
			defaultConfigurationName = Release;
		};
		F4FDA6822CC2D2C40029595E /* Build configuration list for PBXNativeTarget "5th_hw_KimJiWon" */ = {
			isa = XCConfigurationList;
			buildConfigurations = (
				F4FDA6832CC2D2C40029595E /* Debug */,
				F4FDA6842CC2D2C40029595E /* Release */,
			);
			defaultConfigurationIsVisible = 0;
			defaultConfigurationName = Release;
		};
		F4FDA6872CC2D2C40029595E /* Build configuration list for PBXNativeTarget "5th_hw_KimJiWonTests" */ = {
			isa = XCConfigurationList;
			buildConfigurations = (
				F4FDA6882CC2D2C40029595E /* Debug */,
				F4FDA6892CC2D2C40029595E /* Release */,
			);
			defaultConfigurationIsVisible = 0;
			defaultConfigurationName = Release;
		};
		F4FDA68A2CC2D2C40029595E /* Build configuration list for PBXNativeTarget "5th_hw_KimJiWonUITests" */ = {
			isa = XCConfigurationList;
			buildConfigurations = (
				F4FDA68B2CC2D2C40029595E /* Debug */,
				F4FDA68C2CC2D2C40029595E /* Release */,
			);
			defaultConfigurationIsVisible = 0;
			defaultConfigurationName = Release;
		};
/* End XCConfigurationList section */
	};
	rootObject = F4FDA6512CC2D2C20029595E /* Project object */;
}
